
Microsoft Visual Studio Solution File, Format Version 12.00
# Visual Studio Version 16
VisualStudioVersion = 16.0.30621.155
MinimumVisualStudioVersion = 10.0.40219.1
Project("{FAE04EC0-301F-11D3-BF4B-00C04F79EFBC}") = "ByteBank.SistemaAgencia", "ByteBank.SistemaAgencia\ByteBank.SistemaAgencia.csproj", "{F14E8015-0C59-42E2-832F-78A13E55793C}"
EndProject
Project("{FAE04EC0-301F-11D3-BF4B-00C04F79EFBC}") = "ByteBank.Modelos", "ByteBank.Modelos\ByteBank.Modelos.csproj", "{9142C252-42D9-4876-A261-644BB7F323C7}"
EndProject
Global
	GlobalSection(SolutionConfigurationPlatforms) = preSolution
		Debug|Any CPU = Debug|Any CPU
		Release|Any CPU = Release|Any CPU
	EndGlobalSection
	GlobalSection(ProjectConfigurationPlatforms) = postSolution
		{F14E8015-0C59-42E2-832F-78A13E55793C}.Debug|Any CPU.ActiveCfg = Debug|Any CPU
		{F14E8015-0C59-42E2-832F-78A13E55793C}.Debug|Any CPU.Build.0 = Debug|Any CPU
		{F14E8015-0C59-42E2-832F-78A13E55793C}.Release|Any CPU.ActiveCfg = Release|Any CPU
		{F14E8015-0C59-42E2-832F-78A13E55793C}.Release|Any CPU.Build.0 = Release|Any CPU
		{9142C252-42D9-4876-A261-644BB7F323C7}.Debug|Any CPU.ActiveCfg = Debug|Any CPU
		{9142C252-42D9-4876-A261-644BB7F323C7}.Debug|Any CPU.Build.0 = Debug|Any CPU
		{9142C252-42D9-4876-A261-644BB7F323C7}.Release|Any CPU.ActiveCfg = Release|Any CPU
		{9142C252-42D9-4876-A261-644BB7F323C7}.Release|Any CPU.Build.0 = Release|Any CPU
	EndGlobalSection
	GlobalSection(SolutionProperties) = preSolution
		HideSolutionNode = FALSE
	EndGlobalSection
	GlobalSection(ExtensibilityGlobals) = postSolution
		SolutionGuid = {45BA2FDB-7A99-4B23-AEB3-F44C6DD65970}
	EndGlobalSection
EndGlobal
